{
    "_meta": {
        "hash": {
            "sha256": "f5aa14ed13d0b2fc0c007a78b04b9975ec92c82f2ff14a03b44d33ff0a62b28c"
        },
        "pipfile-spec": 6,
        "requires": {
            "python_version": "3.8"
        },
        "sources": [
            {
                "name": "pypi",
                "url": "https://pypi.python.org/simple",
                "verify_ssl": true
            }
        ]
    },
    "default": {
        "algorithmia": {
            "hashes": [
                "sha256:8a860d5d34123bf678185817bacf74f3fc6424ad2816ed92c559328e78013fb8",
                "sha256:91f6fdaf19a1abf0ecb285fb6debd8a390341e327ff03d277a201f0bd385edbd"
            ],
            "index": "pypi",
            "version": "==1.6.2"
        },
        "algorithmia-api-client": {
            "hashes": [
                "sha256:6b83b83e0733bb78d731ab42b2bf7c9e289f5ffee051ad71a7c75f2b536f5a80",
                "sha256:87bd355f9ac5ae4521340d94133de7c029cc131795d8cfc6db8b0bb6c735f0a8"
            ],
            "version": "==1.1.0"
        },
        "argparse": {
            "hashes": [
                "sha256:62b089a55be1d8949cd2bc7e0df0bddb9e028faefc8c32038cc84862aefdd6e4",
                "sha256:c31647edb69fd3d465a847ea3157d37bed1f95f19760b11a47aa91c04b666314"
            ],
            "version": "==1.4.0"
        },
        "certifi": {
            "hashes": [
                "sha256:1a4995114262bffbc2413b159f2a1a480c969de6e6eb13ee966d470af86af59c",
                "sha256:719a74fb9e33b9bd44cc7f3a8d94bc35e4049deebe19ba7d8e108280cfd59830"
            ],
            "version": "==2020.12.5"
        },
        "chardet": {
            "hashes": [
                "sha256:0d6f53a15db4120f2b08c94f11e7d93d2c911ee118b6b30a04ec3ee8310179fa",
                "sha256:f864054d66fd9118f2e67044ac8981a54775ec5b67aed0441892edb553d21da5"
            ],
            "version": "==4.0.0"
        },
        "enum34": {
            "hashes": [
                "sha256:a98a201d6de3f2ab3db284e70a33b0f896fbf35f8086594e8c9e74b909058d53",
                "sha256:c3858660960c984d6ab0ebad691265180da2b43f07e061c0f8dca9ef3cffd328",
                "sha256:cce6a7477ed816bd2542d03d53db9f0db935dd013b70f336a95c73979289f248"
            ],
            "version": "==1.1.10"
        },
        "ibm-cloud-sdk-core": {
            "hashes": [
                "sha256:f472ef5e603230613891b4817e563e77ace3c39cc8a12f47d1e741b867aa6513"
            ],
            "version": "==1.7.3"
        },
        "ibm-watson": {
            "hashes": [
                "sha256:b790842993375c11f9936314014314dfe067231315b425ab57656dd4f785788a"
            ],
            "index": "pypi",
            "version": "==4.7.1"
        },
        "idna": {
            "hashes": [
                "sha256:b307872f855b18632ce0c21c5e45be78c0ea7ae4c15c828c20788b26921eb3f6",
                "sha256:b97d804b1e9b523befed77c48dacec60e6dcb0b5391d57af6a65a312a90648c0"
            ],
            "version": "==2.10"
        },
        "pyjwt": {
            "hashes": [
                "sha256:a5c70a06e1f33d81ef25eecd50d50bd30e34de1ca8b2b9fa3fe0daaabcf69bf7",
                "sha256:b70b15f89dc69b993d8a8d32c299032d5355c82f9b5b7e851d1a6d706dffe847"
            ],
            "version": "==2.0.1"
        },
        "pysbd": {
            "hashes": [
                "sha256:4af11ebe545c4b0b9ec0aeef0b42b675515b5204c487bd00aec047ee9806815d",
                "sha256:56ab48a28a8470f0042a4cb7c9da8a6dde8621ecf87a86d75f201cbf1837e77f"
            ],
            "index": "pypi",
            "version": "==0.3.3"
        },
        "python-dateutil": {
            "hashes": [
                "sha256:73ebfe9dbf22e832286dafa60473e4cd239f8592f699aa5adaf10050e6e1823c",
                "sha256:75bb3f31ea686f1197762692a9ee6a7550b59fc6ca3a1f4b5d7e32fb98e2da2a"
            ],
            "version": "==2.8.1"
        },
        "python-decouple": {
            "hashes": [
                "sha256:55c546b85b0c47a15a47a4312d451a437f7344a9be3e001660bccd93b637de95"
            ],
            "index": "pypi",
            "version": "==3.3"
        },
        "requests": {
            "hashes": [
                "sha256:27973dd4a904a4f13b263a19c866c13b92a39ed1c964655f025f3f8d3d75b804",
                "sha256:c210084e36a42ae6b9219e00e48287def368a26d03a048ddad7bfee44f75871e"
            ],
            "version": "==2.25.1"
        },
        "six": {
            "hashes": [
                "sha256:30639c035cdb23534cd4aa2dd52c3bf48f06e5f4a941509c8bafd8ce11080259",
                "sha256:8b74bedcbbbaca38ff6d7491d76f2b06b3592611af620f8426e82dddb04a5ced"
            ],
            "version": "==1.15.0"
        },
        "toml": {
            "hashes": [
                "sha256:806143ae5bfb6a3c6e736a764057db0e6a0e05e338b5630894a5f779cabb4f9b",
                "sha256:b3bda1d108d5dd99f4a20d24d9c348e91c4db7ab1b749200bded2f839ccbe68f"
            ],
            "version": "==0.10.2"
        },
        "urllib3": {
            "hashes": [
                "sha256:2f4da4594db7e1e110a944bb1b551fdf4e6c136ad42e4234131391e21eb5b0df",
                "sha256:e7b021f7241115872f92f43c6508082facffbd1c048e3c6e2bb9c2a157e28937"
            ],
            "version": "==1.26.4"
        },
        "websocket-client": {
            "hashes": [
                "sha256:18f1170e6a1b5463986739d9fd45c4308b0d025c1b2f9b88788d8f69e8a5eb4a",
                "sha256:db70953ae4a064698b27ae56dcad84d0ee68b7b43cb40940f537738f38f510c1"
            ],
            "version": "==0.48.0"
        }
    },
    "develop": {
        "appdirs": {
            "hashes": [
                "sha256:7d5d0167b2b1ba821647616af46a749d1c653740dd0d2415100fe26e27afdf41",
                "sha256:a841dacd6b99318a741b166adb07e19ee71a274450e68237b4650ca1055ab128"
            ],
            "version": "==1.4.4"
        },
        "cfgv": {
            "hashes": [
                "sha256:32e43d604bbe7896fe7c248a9c2276447dbef840feb28fe20494f62af110211d",
                "sha256:cf22deb93d4bcf92f345a5c3cd39d3d41d6340adc60c78bbbd6588c384fda6a1"
            ],
            "version": "==3.2.0"
        },
        "distlib": {
            "hashes": [
                "sha256:8c09de2c67b3e7deef7184574fc060ab8a793e7adbb183d942c389c8b13c52fb",
                "sha256:edf6116872c863e1aa9d5bb7cb5e05a022c519a4594dc703843343a9ddd9bff1"
            ],
            "version": "==0.3.1"
        },
        "filelock": {
            "hashes": [
                "sha256:18d82244ee114f543149c66a6e0c14e9c4f8a1044b5cdaadd0f82159d6a6ff59",
                "sha256:929b7d63ec5b7d6b71b0fa5ac14e030b3f70b75747cef1b10da9b879fef15836"
            ],
            "version": "==3.0.12"
        },
        "identify": {
            "hashes": [
                "sha256:1cfb05b578de996677836d5a2dde14b3dffde313cf7d2b3e793a0787a36e26dd",
                "sha256:9cc5f58996cd359b7b72f0a5917d8639de5323917e6952a3bfbf36301b576f40"
            ],
            "version": "==2.2.1"
        },
        "nodeenv": {
            "hashes": [
                "sha256:5304d424c529c997bc888453aeaa6362d242b6b4631e90f3d4bf1b290f1c84a9",
                "sha256:ab45090ae383b716c4ef89e690c41ff8c2b257b85b309f01f3654df3d084bd7c"
            ],
            "version": "==1.5.0"
        },
        "pre-commit": {
            "hashes": [
                "sha256:4aee0db4808fa48d2458cedd5b9a084ef24dda1a0fa504432a11977a4d1cfd0a",
                "sha256:b2d106d51c6ba6217e859d81774aae33fd825fe7de0dcf0c46e2586333d7a92e"
            ],
            "index": "pypi",
            "version": "==2.9.0"
        },
        "pyyaml": {
            "hashes": [
                "sha256:02c78d77281d8f8d07a255e57abdbf43b02257f59f50cc6b636937d68efa5dd0",
                "sha256:0dc9f2eb2e3c97640928dec63fd8dc1dd91e6b6ed236bd5ac00332b99b5c2ff9",
                "sha256:124fd7c7bc1e95b1eafc60825f2daf67c73ce7b33f1194731240d24b0d1bf628",
                "sha256:26fcb33776857f4072601502d93e1a619f166c9c00befb52826e7b774efaa9db",
                "sha256:31ba07c54ef4a897758563e3a0fcc60077698df10180abe4b8165d9895c00ebf",
                "sha256:3c49e39ac034fd64fd576d63bb4db53cda89b362768a67f07749d55f128ac18a",
                "sha256:52bf0930903818e600ae6c2901f748bc4869c0c406056f679ab9614e5d21a166",
                "sha256:5a3f345acff76cad4aa9cb171ee76c590f37394186325d53d1aa25318b0d4a09",
                "sha256:5e7ac4e0e79a53451dc2814f6876c2fa6f71452de1498bbe29c0b54b69a986f4",
                "sha256:7242790ab6c20316b8e7bb545be48d7ed36e26bbe279fd56f2c4a12510e60b4b",
                "sha256:737bd70e454a284d456aa1fa71a0b429dd527bcbf52c5c33f7c8eee81ac16b89",
                "sha256:8635d53223b1f561b081ff4adecb828fd484b8efffe542edcfdff471997f7c39",
                "sha256:8b818b6c5a920cbe4203b5a6b14256f0e5244338244560da89b7b0f1313ea4b6",
                "sha256:8bf38641b4713d77da19e91f8b5296b832e4db87338d6aeffe422d42f1ca896d",
                "sha256:a36a48a51e5471513a5aea920cdad84cbd56d70a5057cca3499a637496ea379c",
                "sha256:b2243dd033fd02c01212ad5c601dafb44fbb293065f430b0d3dbf03f3254d615",
                "sha256:cc547d3ead3754712223abb7b403f0a184e4c3eae18c9bb7fd15adef1597cc4b",
                "sha256:cc552b6434b90d9dbed6a4f13339625dc466fd82597119897e9489c953acbc22",
                "sha256:f3790156c606299ff499ec44db422f66f05a7363b39eb9d5b064f17bd7d7c47b",
                "sha256:f7a21e3d99aa3095ef0553e7ceba36fb693998fbb1226f1392ce33681047465f",
                "sha256:fdc6b2cb4b19e431994f25a9160695cc59a4e861710cc6fc97161c5e845fc579"
            ],
            "index": "pypi",
            "version": "==5.4"
        },
        "six": {
            "hashes": [
                "sha256:30639c035cdb23534cd4aa2dd52c3bf48f06e5f4a941509c8bafd8ce11080259",
                "sha256:8b74bedcbbbaca38ff6d7491d76f2b06b3592611af620f8426e82dddb04a5ced"
            ],
            "version": "==1.15.0"
        },
        "toml": {
            "hashes": [
                "sha256:806143ae5bfb6a3c6e736a764057db0e6a0e05e338b5630894a5f779cabb4f9b",
                "sha256:b3bda1d108d5dd99f4a20d24d9c348e91c4db7ab1b749200bded2f839ccbe68f"
            ],
            "version": "==0.10.2"
        },
        "virtualenv": {
            "hashes": [
                "sha256:49ec4eb4c224c6f7dd81bb6d0a28a09ecae5894f4e593c89b0db0885f565a107",
                "sha256:83f95875d382c7abafe06bd2a4cdd1b363e1bb77e02f155ebe8ac082a916b37c"
            ],
            "version": "==20.4.3"
        }
    }
}
